
Microsoft Visual Studio Solution File, Format Version 12.00
# Visual Studio Version 17
VisualStudioVersion = 17.8.34309.116
MinimumVisualStudioVersion = 10.0.40219.1
Project("{9A19103F-16F7-4668-BE54-9A1E7A4F7556}") = "TestAssignments", "TestAssignments.csproj", "{048565B4-5D90-499A-979A-F0CD491280FD}"
EndProject
Project("{FAE04EC0-301F-11D3-BF4B-00C04F79EFBC}") = "TestAssignmentTest", "..\TestAssignmentTest\TestAssignmentTest.csproj", "{EBD2771B-F79F-4231-9513-701DB85D27D8}"
EndProject
Global
	GlobalSection(SolutionConfigurationPlatforms) = preSolution
		Debug|Any CPU = Debug|Any CPU
		Release|Any CPU = Release|Any CPU
	EndGlobalSection
	GlobalSection(ProjectConfigurationPlatforms) = postSolution
		{048565B4-5D90-499A-979A-F0CD491280FD}.Debug|Any CPU.ActiveCfg = Debug|Any CPU
		{048565B4-5D90-499A-979A-F0CD491280FD}.Debug|Any CPU.Build.0 = Debug|Any CPU
		{048565B4-5D90-499A-979A-F0CD491280FD}.Release|Any CPU.ActiveCfg = Release|Any CPU
		{048565B4-5D90-499A-979A-F0CD491280FD}.Release|Any CPU.Build.0 = Release|Any CPU
		{EBD2771B-F79F-4231-9513-701DB85D27D8}.Debug|Any CPU.ActiveCfg = Debug|Any CPU
		{EBD2771B-F79F-4231-9513-701DB85D27D8}.Debug|Any CPU.Build.0 = Debug|Any CPU
		{EBD2771B-F79F-4231-9513-701DB85D27D8}.Release|Any CPU.ActiveCfg = Release|Any CPU
		{EBD2771B-F79F-4231-9513-701DB85D27D8}.Release|Any CPU.Build.0 = Release|Any CPU
	EndGlobalSection
	GlobalSection(SolutionProperties) = preSolution
		HideSolutionNode = FALSE
	EndGlobalSection
	GlobalSection(ExtensibilityGlobals) = postSolution
		SolutionGuid = {DD1BF090-858E-48B0-AC69-2C7CFC5C148F}
	EndGlobalSection
EndGlobal
